# THIS IS AN AUTOGENERATED FILE. DO NOT EDIT THIS FILE DIRECTLY.
# yarn lockfile v1


"@protobufjs/aspromise@^1.1.1", "@protobufjs/aspromise@^1.1.2":
  "integrity" "sha512-j+gKExEuLmKwvz3OgROXtrJ2UG2x8Ch2YZUxahh+s1F2HZ+wAceUNLkvy6zKCPVRkU++ZWQrdxsUeQXmcg4uoQ=="
  "resolved" "https://registry.npmjs.org/@protobufjs/aspromise/-/aspromise-1.1.2.tgz"
  "version" "1.1.2"

"@protobufjs/base64@^1.1.2":
  "integrity" "sha512-AZkcAA5vnN/v4PDqKyMR5lx7hZttPDgClv83E//FMNhR2TMcLUhfRUBHCmSl0oi9zMgDDqRUJkSxO3wm85+XLg=="
  "resolved" "https://registry.npmjs.org/@protobufjs/base64/-/base64-1.1.2.tgz"
  "version" "1.1.2"

"@protobufjs/codegen@^2.0.4":
  "integrity" "sha512-YyFaikqM5sH0ziFZCN3xDC7zeGaB/d0IUb9CATugHWbd1FRFwWwt4ld4OYMPWu5a3Xe01mGAULCdqhMlPl29Jg=="
  "resolved" "https://registry.npmjs.org/@protobufjs/codegen/-/codegen-2.0.4.tgz"
  "version" "2.0.4"

"@protobufjs/eventemitter@^1.1.0":
  "integrity" "sha512-j9ednRT81vYJ9OfVuXG6ERSTdEL1xVsNgqpkxMsbIabzSo3goCjDIveeGv5d03om39ML71RdmrGNjG5SReBP/Q=="
  "resolved" "https://registry.npmjs.org/@protobufjs/eventemitter/-/eventemitter-1.1.0.tgz"
  "version" "1.1.0"

"@protobufjs/fetch@^1.1.0":
  "integrity" "sha512-lljVXpqXebpsijW71PZaCYeIcE5on1w5DlQy5WH6GLbFryLUrBD4932W/E2BSpfRJWseIL4v/KPgBFxDOIdKpQ=="
  "resolved" "https://registry.npmjs.org/@protobufjs/fetch/-/fetch-1.1.0.tgz"
  "version" "1.1.0"
  dependencies:
    "@protobufjs/aspromise" "^1.1.1"
    "@protobufjs/inquire" "^1.1.0"

"@protobufjs/float@^1.0.2":
  "integrity" "sha512-Ddb+kVXlXst9d+R9PfTIxh1EdNkgoRe5tOX6t01f1lYWOvJnSPDBlG241QLzcyPdoNTsblLUdujGSE4RzrTZGQ=="
  "resolved" "https://registry.npmjs.org/@protobufjs/float/-/float-1.0.2.tgz"
  "version" "1.0.2"

"@protobufjs/inquire@^1.1.0":
  "integrity" "sha512-kdSefcPdruJiFMVSbn801t4vFK7KB/5gd2fYvrxhuJYg8ILrmn9SKSX2tZdV6V+ksulWqS7aXjBcRXl3wHoD9Q=="
  "resolved" "https://registry.npmjs.org/@protobufjs/inquire/-/inquire-1.1.0.tgz"
  "version" "1.1.0"

"@protobufjs/path@^1.1.2":
  "integrity" "sha512-6JOcJ5Tm08dOHAbdR3GrvP+yUUfkjG5ePsHYczMFLq3ZmMkAD98cDgcT2iA1lJ9NVwFd4tH/iSSoe44YWkltEA=="
  "resolved" "https://registry.npmjs.org/@protobufjs/path/-/path-1.1.2.tgz"
  "version" "1.1.2"

"@protobufjs/pool@^1.1.0":
  "integrity" "sha512-0kELaGSIDBKvcgS4zkjz1PeddatrjYcmMWOlAuAPwAeccUrPHdUqo/J6LiymHHEiJT5NrF1UVwxY14f+fy4WQw=="
  "resolved" "https://registry.npmjs.org/@protobufjs/pool/-/pool-1.1.0.tgz"
  "version" "1.1.0"

"@protobufjs/utf8@^1.1.0":
  "integrity" "sha512-Vvn3zZrhQZkkBE8LSuW3em98c0FwgO4nxzv6OdSxPKJIEKY2bGbHn+mhGIPerzI4twdxaP8/0+06HBpwf345Lw=="
  "resolved" "https://registry.npmjs.org/@protobufjs/utf8/-/utf8-1.1.0.tgz"
  "version" "1.1.0"

"@types/long@^4.0.1":
  "integrity" "sha512-MqTGEo5bj5t157U6fA/BiDynNkn0YknVdh48CMPkTSpFTVmvao5UQmm7uEF6xBEo7qIMAlY/JSleYaE6VOdpaA=="
  "resolved" "https://registry.npmjs.org/@types/long/-/long-4.0.2.tgz"
  "version" "4.0.2"

"@types/node@^18.11.18", "@types/node@>=13.7.0":
  "integrity" "sha512-E5Kwq2n4SbMzQOn6wnmBjuK9ouqlURrcZDVfbo9ftDDTFt3nk7ZKK4GMOzoYgnpQJKcxwQw+lGaBvvlMo0qN/Q=="
  "resolved" "https://registry.npmjs.org/@types/node/-/node-18.15.11.tgz"
  "version" "18.15.11"

"agent-base@6":
  "integrity" "sha512-RZNwNclF7+MS/8bDg70amg32dyeZGZxiDuQmZxKLAlQjr3jGyLx+4Kkk58UO7D2QdgFIQCovuSuZESne6RG6XQ=="
  "resolved" "https://registry.npmjs.org/agent-base/-/agent-base-6.0.2.tgz"
  "version" "6.0.2"
  dependencies:
    "debug" "4"

"asynckit@^0.4.0":
  "integrity" "sha512-Oei9OH4tRh0YqU3GxhX79dM/mwVgvbZJaSNaRk+bshkj0S5cfHcgYakreBjrHwatXKbz+IoIdYLxrKim2MjW0Q=="
  "resolved" "https://registry.npmjs.org/asynckit/-/asynckit-0.4.0.tgz"
  "version" "0.4.0"

"axios@^1.3.5":
  "integrity" "sha512-glL/PvG/E+xCWwV8S6nCHcrfg1exGx7vxyUIivIA1iL7BIh6bePylCfVHwp6k13ao7SATxB6imau2kqY+I67kw=="
  "resolved" "https://registry.npmjs.org/axios/-/axios-1.3.5.tgz"
  "version" "1.3.5"
  dependencies:
    "follow-redirects" "^1.15.0"
    "form-data" "^4.0.0"
    "proxy-from-env" "^1.1.0"

"combined-stream@^1.0.8":
  "integrity" "sha512-FQN4MRfuJeHf7cBbBMJFXhKSDq+2kAArBlmRBvcvFE5BB1HZKXtSFASDhdlz9zOYwxh8lDdnvmMOe/+5cdoEdg=="
  "resolved" "https://registry.npmjs.org/combined-stream/-/combined-stream-1.0.8.tgz"
  "version" "1.0.8"
  dependencies:
    "delayed-stream" "~1.0.0"

"debug@4":
  "integrity" "sha512-PRWFHuSU3eDtQJPvnNY7Jcket1j0t5OuOsFzPPzsekD52Zl8qUfFIPEiswXqIvHWGVHOgX+7G/vCNNhehwxfkQ=="
  "resolved" "https://registry.npmjs.org/debug/-/debug-4.3.4.tgz"
  "version" "4.3.4"
  dependencies:
    "ms" "2.1.2"

"delayed-stream@~1.0.0":
  "integrity" "sha512-ZySD7Nf91aLB0RxL4KGrKHBXl7Eds1DAmEdcoVawXnLD7SDhpNgtuII2aAkg7a7QS41jxPSZ17p4VdGnMHk3MQ=="
  "resolved" "https://registry.npmjs.org/delayed-stream/-/delayed-stream-1.0.0.tgz"
  "version" "1.0.0"

"fetch-blob@^3.1.2":
  "integrity" "sha512-7yAQpD2UMJzLi1Dqv7qFYnPbaPx7ZfFK6PiIxQ4PfkGPyNyl2Ugx+a/umUonmKqjhM4DnfbMvdX6otXq83soQQ=="
  "resolved" "https://registry.npmjs.org/fetch-blob/-/fetch-blob-3.2.0.tgz"
  "version" "3.2.0"
  dependencies:
    "node-domexception" "^1.0.0"
    "web-streams-polyfill" "^3.0.3"

"follow-redirects@^1.15.0", "follow-redirects@^1.15.1":
  "integrity" "sha512-VQLG33o04KaQ8uYi2tVNbdrWp1QWxNNea+nmIB4EVM28v0hmP17z7aG1+wAkNzVq4KeXTq3221ye5qTJP91JwA=="
  "resolved" "https://registry.npmjs.org/follow-redirects/-/follow-redirects-1.15.2.tgz"
  "version" "1.15.2"

"form-data@^4.0.0":
  "integrity" "sha512-ETEklSGi5t0QMZuiXoA/Q6vcnxcLQP5vdugSpuAyi6SVGi2clPPp+xgEhuMaHC+zGgn31Kd235W35f7Hykkaww=="
  "resolved" "https://registry.npmjs.org/form-data/-/form-data-4.0.0.tgz"
  "version" "4.0.0"
  dependencies:
    "asynckit" "^0.4.0"
    "combined-stream" "^1.0.8"
    "mime-types" "^2.1.12"

"formdata-polyfill@^4.0.10":
  "integrity" "sha512-buewHzMvYL29jdeQTVILecSaZKnt/RJWjoZCF5OW60Z67/GmSLBkOFM7qh1PI3zFNtJbaZL5eQu1vLfazOwj4g=="
  "resolved" "https://registry.npmjs.org/formdata-polyfill/-/formdata-polyfill-4.0.10.tgz"
  "version" "4.0.10"
  dependencies:
    "fetch-blob" "^3.1.2"

"https-proxy-agent@^5.0.0":
  "integrity" "sha512-dFcAjpTQFgoLMzC2VwU+C/CbS7uRL0lWmxDITmqm7C+7F0Odmj6s9l6alZc6AELXhrnggM2CeWSXHGOdX2YtwA=="
  "resolved" "https://registry.npmjs.org/https-proxy-agent/-/https-proxy-agent-5.0.1.tgz"
  "version" "5.0.1"
  dependencies:
    "agent-base" "6"
    "debug" "4"

"jssha@~3.3.0":
  "integrity" "sha512-w9OtT4ALL+fbbwG3gw7erAO0jvS5nfvrukGPMWIAoea359B26ALXGpzy4YJSp9yGnpUvuvOw1nSjSoHDfWSr1w=="
  "resolved" "https://registry.npmjs.org/jssha/-/jssha-3.3.0.tgz"
  "version" "3.3.0"

"lodash@^4.17.21":
  "integrity" "sha512-v2kDEe57lecTulaDIuNTPy3Ry4gLGJ6Z1O3vE1krgXZNrsQ+LFTGHVxVjcXPs17LhbZVGedAJv8XZ1tvj5FvSg=="
  "resolved" "https://registry.npmjs.org/lodash/-/lodash-4.17.21.tgz"
  "version" "4.17.21"

"long@^4.0.0":
  "integrity" "sha512-XsP+KhQif4bjX1kbuSiySJFNAehNxgLb6hPRGJ9QsUr8ajHkuXGdrHmFUTUUXhDwVX2R5bY4JNZEwbUiMhV+MA=="
  "resolved" "https://registry.npmjs.org/long/-/long-4.0.0.tgz"
  "version" "4.0.0"

"mime-db@1.52.0":
  "integrity" "sha512-sPU4uV7dYlvtWJxwwxHD0PuihVNiE7TyAbQ5SWxDCB9mUYvOgroQOwYQQOKPJ8CIbE+1ETVlOoK1UC2nU3gYvg=="
  "resolved" "https://registry.npmjs.org/mime-db/-/mime-db-1.52.0.tgz"
  "version" "1.52.0"

"mime-types@^2.1.12", "mime-types@^2.1.27":
  "integrity" "sha512-ZDY+bPm5zTTF+YpCrAU9nK0UgICYPT0QtT1NZWFv4s++TNkcgVaT0g6+4R2uI4MjQjzysHB1zxuWL50hzaeXiw=="
  "resolved" "https://registry.npmjs.org/mime-types/-/mime-types-2.1.35.tgz"
  "version" "2.1.35"
  dependencies:
    "mime-db" "1.52.0"

"moment@^2.29.4":
  "integrity" "sha512-5LC9SOxjSc2HF6vO2CyuTDNivEdoz2IvyJJGj6X8DJ0eFyfszE0QiEd+iXmBvUP3WHxSjFH/vIsA0EN00cgr8w=="
  "resolved" "https://registry.npmjs.org/moment/-/moment-2.29.4.tgz"
  "version" "2.29.4"

"ms@2.1.2":
  "integrity" "sha512-sGkPx+VjMtmA6MX27oA4FBFELFCZZ4S4XqeGOXCv68tT+jb3vk/RyaKWP0PTKyWtmLSM0b+adUTEvbs1PEaH2w=="
  "resolved" "https://registry.npmjs.org/ms/-/ms-2.1.2.tgz"
  "version" "2.1.2"

"node-domexception@^1.0.0":
  "integrity" "sha512-/jKZoMpw0F8GRwl4/eLROPA3cfcXtLApP0QzLmUT/HuPCZWyB7IY9ZrMeKw2O/nFIqPQB3PVM9aYm0F312AXDQ=="
  "resolved" "https://registry.npmjs.org/node-domexception/-/node-domexception-1.0.0.tgz"
  "version" "1.0.0"

"node-fetch-commonjs@^3.2.4":
  "integrity" "sha512-bZW7+ldcuuMPLTJk8DufhT6qHDRdljYD0jqBjmrYfcInaYcReX5kK42SQsu/jvtit/tER28yYjnk63PEEmNPtg=="
  "resolved" "https://registry.npmjs.org/node-fetch-commonjs/-/node-fetch-commonjs-3.2.4.tgz"
  "version" "3.2.4"
  dependencies:
    "formdata-polyfill" "^4.0.10"
    "web-streams-polyfill" "^3.1.1"

"nodejs-file-downloader@^4.11.0":
  "integrity" "sha512-JFgTcGv9ICBMzqQiKJcxhwitQkBfZAG5CHQpfYbVNPNEt6xm6KGTrW0+9OD6sEFHP2cgIjmf5GNExANzfmVSMQ=="
  "resolved" "https://registry.npmjs.org/nodejs-file-downloader/-/nodejs-file-downloader-4.11.0.tgz"
  "version" "4.11.0"
  dependencies:
    "follow-redirects" "^1.15.1"
    "https-proxy-agent" "^5.0.0"
    "mime-types" "^2.1.27"
    "sanitize-filename" "^1.6.3"

"otpauth-migration-parser@^0.1.1":
  "integrity" "sha512-PABhlEElwF/xrO892yzMjlWb1QoFnoAFpYNxatJ0PYnyrEaVFgpZt7BbN/lQ03dz8vwA4r9cn76+wZo7Sl1Rmg=="
  "resolved" "https://registry.npmjs.org/otpauth-migration-parser/-/otpauth-migration-parser-0.1.1.tgz"
  "version" "0.1.1"
  dependencies:
    "protobufjs" "^6.11.2"
    "rfc4648" "^1.5.0"

"otpauth@^9.1.1":
  "integrity" "sha512-XhimxmkREwf6GJvV4svS9OVMFJ/qRGz+QBEGwtW5OMf9jZlx9yw25RZMXdrO6r7DHgfIaETJb1lucZXZtn3jgw=="
  "resolved" "https://registry.npmjs.org/otpauth/-/otpauth-9.1.1.tgz"
  "version" "9.1.1"
  dependencies:
    "jssha" "~3.3.0"

"pipelane@^2.0.3":
  "integrity" "sha512-vu/u0FhugYv9vbBleJVfHCAC8Sg+bcHi75MD481cAYyKpd6w+iQJfZnzGlMqbMrhEzZJmxhG9i8+K2ENAfPZjQ=="
  "resolved" "https://registry.npmjs.org/pipelane/-/pipelane-2.0.3.tgz"
  "version" "2.0.3"
  dependencies:
    "@types/node" "^18.11.18"
    "lodash" "^4.17.21"
    "moment" "^2.29.4"
    "typescript" "^4.9.4"

"protobufjs@^6.11.2":
  "integrity" "sha512-xL96WDdCZYdU7Slin569tFX712BxsxslWwAfAhCYjQKGTq7dAU91Lomy6nLLhh/dyGhk/YH4TwTSRxTzhuHyZg=="
  "resolved" "https://registry.npmjs.org/protobufjs/-/protobufjs-6.11.3.tgz"
  "version" "6.11.3"
  dependencies:
    "@protobufjs/aspromise" "^1.1.2"
    "@protobufjs/base64" "^1.1.2"
    "@protobufjs/codegen" "^2.0.4"
    "@protobufjs/eventemitter" "^1.1.0"
    "@protobufjs/fetch" "^1.1.0"
    "@protobufjs/float" "^1.0.2"
    "@protobufjs/inquire" "^1.1.0"
    "@protobufjs/path" "^1.1.2"
    "@protobufjs/pool" "^1.1.0"
    "@protobufjs/utf8" "^1.1.0"
    "@types/long" "^4.0.1"
    "@types/node" ">=13.7.0"
    "long" "^4.0.0"

"proxy-from-env@^1.1.0":
  "integrity" "sha512-D+zkORCbA9f1tdWRK0RaCR3GPv50cMxcrz4X8k5LTSUD1Dkw47mKJEZQNunItRTkWwgtaUSo1RVFRIG9ZXiFYg=="
  "resolved" "https://registry.npmjs.org/proxy-from-env/-/proxy-from-env-1.1.0.tgz"
  "version" "1.1.0"

"rfc4648@^1.5.0":
  "integrity" "sha512-tLOizhR6YGovrEBLatX1sdcuhoSCXddw3mqNVAcKxGJ+J0hFeJ+SjeWCv5UPA/WU3YzWPPuCVYgXBKZUPGpKtg=="
  "resolved" "https://registry.npmjs.org/rfc4648/-/rfc4648-1.5.2.tgz"
  "version" "1.5.2"

"sanitize-filename@^1.6.3":
  "integrity" "sha512-y/52Mcy7aw3gRm7IrcGDFx/bCk4AhRh2eI9luHOQM86nZsqwiRkkq2GekHXBBD+SmPidc8i2PqtYZl+pWJ8Oeg=="
  "resolved" "https://registry.npmjs.org/sanitize-filename/-/sanitize-filename-1.6.3.tgz"
  "version" "1.6.3"
  dependencies:
    "truncate-utf8-bytes" "^1.0.0"

"truncate-utf8-bytes@^1.0.0":
  "integrity" "sha512-95Pu1QXQvruGEhv62XCMO3Mm90GscOCClvrIUwCM0PYOXK3kaF3l3sIHxx71ThJfcbM2O5Au6SO3AWCSEfW4mQ=="
  "resolved" "https://registry.npmjs.org/truncate-utf8-bytes/-/truncate-utf8-bytes-1.0.2.tgz"
  "version" "1.0.2"
  dependencies:
    "utf8-byte-length" "^1.0.1"

"typescript@^4.9.4":
  "integrity" "sha512-1FXk9E2Hm+QzZQ7z+McJiHL4NW1F2EzMu9Nq9i3zAaGqibafqYwCVU6WyWAuyQRRzOlxou8xZSyXLEN8oKj24g=="
  "resolved" "https://registry.npmjs.org/typescript/-/typescript-4.9.5.tgz"
  "version" "4.9.5"

"utf8-byte-length@^1.0.1":
  "integrity" "sha512-4+wkEYLBbWxqTahEsWrhxepcoVOJ+1z5PGIjPZxRkytcdSUaNjIjBM7Xn8E+pdSuV7SzvWovBFA54FO0JSoqhA=="
  "resolved" "https://registry.npmjs.org/utf8-byte-length/-/utf8-byte-length-1.0.4.tgz"
  "version" "1.0.4"

"web-streams-polyfill@^3.0.3", "web-streams-polyfill@^3.1.1":
  "integrity" "sha512-e0MO3wdXWKrLbL0DgGnUV7WHVuw9OUvL4hjgnPkIeEvESk74gAITi5G606JtZPp39cd8HA9VQzCIvA49LpPN5Q=="
  "resolved" "https://registry.npmjs.org/web-streams-polyfill/-/web-streams-polyfill-3.2.1.tgz"
  "version" "3.2.1"
